
Microsoft Visual Studio Solution File, Format Version 12.00
# Visual Studio Version 17
VisualStudioVersion = 17.6.33815.320
MinimumVisualStudioVersion = 10.0.40219.1
Project("{FAE04EC0-301F-11D3-BF4B-00C04F79EFBC}") = "RoomBookingApp.Core.Tests", "RoomBookingApp.Core.Tests\RoomBookingApp.Core.Tests.csproj", "{D0CF17A6-7413-4693-A4C8-B33DFB48991C}"
EndProject
Project("{FAE04EC0-301F-11D3-BF4B-00C04F79EFBC}") = "RoomBookingApp.Core", "RoomBookingApp.Core\RoomBookingApp.Core.csproj", "{2CF7E189-D38C-436C-82B6-2E1A92D66B14}"
EndProject
Project("{FAE04EC0-301F-11D3-BF4B-00C04F79EFBC}") = "RoomBookingApp.Domain", "RoomBookingApp.Domain\RoomBookingApp.Domain.csproj", "{F43C501E-3F71-438E-BE91-6131B05A666C}"
EndProject
Project("{FAE04EC0-301F-11D3-BF4B-00C04F79EFBC}") = "RoomBookingApp.Persistence", "RoomBookingApp.Persistence\RoomBookingApp.Persistence.csproj", "{D430125C-8BC3-47BA-8C43-8BAEB057E915}"
EndProject
Project("{FAE04EC0-301F-11D3-BF4B-00C04F79EFBC}") = "RoomBookingApp.Persistence.Tests", "RoomBookingApp.Persistence.Tests\RoomBookingApp.Persistence.Tests.csproj", "{21197A43-093B-4928-974E-FE2FC9A09E3B}"
EndProject
Global
	GlobalSection(SolutionConfigurationPlatforms) = preSolution
		Debug|Any CPU = Debug|Any CPU
		Release|Any CPU = Release|Any CPU
	EndGlobalSection
	GlobalSection(ProjectConfigurationPlatforms) = postSolution
		{D0CF17A6-7413-4693-A4C8-B33DFB48991C}.Debug|Any CPU.ActiveCfg = Debug|Any CPU
		{D0CF17A6-7413-4693-A4C8-B33DFB48991C}.Debug|Any CPU.Build.0 = Debug|Any CPU
		{D0CF17A6-7413-4693-A4C8-B33DFB48991C}.Release|Any CPU.ActiveCfg = Release|Any CPU
		{D0CF17A6-7413-4693-A4C8-B33DFB48991C}.Release|Any CPU.Build.0 = Release|Any CPU
		{2CF7E189-D38C-436C-82B6-2E1A92D66B14}.Debug|Any CPU.ActiveCfg = Debug|Any CPU
		{2CF7E189-D38C-436C-82B6-2E1A92D66B14}.Debug|Any CPU.Build.0 = Debug|Any CPU
		{2CF7E189-D38C-436C-82B6-2E1A92D66B14}.Release|Any CPU.ActiveCfg = Release|Any CPU
		{2CF7E189-D38C-436C-82B6-2E1A92D66B14}.Release|Any CPU.Build.0 = Release|Any CPU
		{F43C501E-3F71-438E-BE91-6131B05A666C}.Debug|Any CPU.ActiveCfg = Debug|Any CPU
		{F43C501E-3F71-438E-BE91-6131B05A666C}.Debug|Any CPU.Build.0 = Debug|Any CPU
		{F43C501E-3F71-438E-BE91-6131B05A666C}.Release|Any CPU.ActiveCfg = Release|Any CPU
		{F43C501E-3F71-438E-BE91-6131B05A666C}.Release|Any CPU.Build.0 = Release|Any CPU
		{D430125C-8BC3-47BA-8C43-8BAEB057E915}.Debug|Any CPU.ActiveCfg = Debug|Any CPU
		{D430125C-8BC3-47BA-8C43-8BAEB057E915}.Debug|Any CPU.Build.0 = Debug|Any CPU
		{D430125C-8BC3-47BA-8C43-8BAEB057E915}.Release|Any CPU.ActiveCfg = Release|Any CPU
		{D430125C-8BC3-47BA-8C43-8BAEB057E915}.Release|Any CPU.Build.0 = Release|Any CPU
		{21197A43-093B-4928-974E-FE2FC9A09E3B}.Debug|Any CPU.ActiveCfg = Debug|Any CPU
		{21197A43-093B-4928-974E-FE2FC9A09E3B}.Debug|Any CPU.Build.0 = Debug|Any CPU
		{21197A43-093B-4928-974E-FE2FC9A09E3B}.Release|Any CPU.ActiveCfg = Release|Any CPU
		{21197A43-093B-4928-974E-FE2FC9A09E3B}.Release|Any CPU.Build.0 = Release|Any CPU
	EndGlobalSection
	GlobalSection(SolutionProperties) = preSolution
		HideSolutionNode = FALSE
	EndGlobalSection
	GlobalSection(ExtensibilityGlobals) = postSolution
		SolutionGuid = {99192E98-7867-49A5-8FE4-4128BE01E4F1}
	EndGlobalSection
EndGlobal
